
Microsoft Visual Studio Solution File, Format Version 12.00
# Visual Studio 14
VisualStudioVersion = 14.0.25420.1
MinimumVisualStudioVersion = 10.0.40219.1
Project("{CC5FD16D-436D-48AD-A40C-5A424C6E3E79}") = "DontPushTheButton", "DontPushTheButton\DontPushTheButton.ccproj", "{25FE1819-01FA-4B73-97A2-B9A28F35412E}"
EndProject
Project("{FAE04EC0-301F-11D3-BF4B-00C04F79EFBC}") = "FrontendWebRole", "FrontendWebRole\FrontendWebRole.csproj", "{47E39EB5-BB1C-47AA-BB44-BE3536E00E12}"
EndProject
Project("{FAE04EC0-301F-11D3-BF4B-00C04F79EFBC}") = "PressProcessingRole", "PressProcessingRole\PressProcessingRole.csproj", "{E2DD314B-0294-4DF3-BD82-D65258FC417C}"
EndProject
Global
	GlobalSection(SolutionConfigurationPlatforms) = preSolution
		Debug|Any CPU = Debug|Any CPU
		Release|Any CPU = Release|Any CPU
	EndGlobalSection
	GlobalSection(ProjectConfigurationPlatforms) = postSolution
		{25FE1819-01FA-4B73-97A2-B9A28F35412E}.Debug|Any CPU.ActiveCfg = Debug|Any CPU
		{25FE1819-01FA-4B73-97A2-B9A28F35412E}.Debug|Any CPU.Build.0 = Debug|Any CPU
		{25FE1819-01FA-4B73-97A2-B9A28F35412E}.Release|Any CPU.ActiveCfg = Release|Any CPU
		{25FE1819-01FA-4B73-97A2-B9A28F35412E}.Release|Any CPU.Build.0 = Release|Any CPU
		{47E39EB5-BB1C-47AA-BB44-BE3536E00E12}.Debug|Any CPU.ActiveCfg = Debug|Any CPU
		{47E39EB5-BB1C-47AA-BB44-BE3536E00E12}.Debug|Any CPU.Build.0 = Debug|Any CPU
		{47E39EB5-BB1C-47AA-BB44-BE3536E00E12}.Release|Any CPU.ActiveCfg = Release|Any CPU
		{47E39EB5-BB1C-47AA-BB44-BE3536E00E12}.Release|Any CPU.Build.0 = Release|Any CPU
		{E2DD314B-0294-4DF3-BD82-D65258FC417C}.Debug|Any CPU.ActiveCfg = Debug|Any CPU
		{E2DD314B-0294-4DF3-BD82-D65258FC417C}.Debug|Any CPU.Build.0 = Debug|Any CPU
		{E2DD314B-0294-4DF3-BD82-D65258FC417C}.Release|Any CPU.ActiveCfg = Release|Any CPU
		{E2DD314B-0294-4DF3-BD82-D65258FC417C}.Release|Any CPU.Build.0 = Release|Any CPU
	EndGlobalSection
	GlobalSection(SolutionProperties) = preSolution
		HideSolutionNode = FALSE
	EndGlobalSection
EndGlobal
